
Microsoft Visual Studio Solution File, Format Version 12.00
# Visual Studio 2012
Project("{FAE04EC0-301F-11D3-BF4B-00C04F79EFBC}") = "FilterTest", "FilterTest\FilterTest.csproj", "{DE339BA7-41B1-4EDF-8659-2AD4CA764CF5}"
EndProject
Global
	GlobalSection(SolutionConfigurationPlatforms) = preSolution
		Debug|Any CPU = Debug|Any CPU
		Release|Any CPU = Release|Any CPU
	EndGlobalSection
	GlobalSection(ProjectConfigurationPlatforms) = postSolution
		{DE339BA7-41B1-4EDF-8659-2AD4CA764CF5}.Debug|Any CPU.ActiveCfg = Debug|Any CPU
		{DE339BA7-41B1-4EDF-8659-2AD4CA764CF5}.Debug|Any CPU.Build.0 = Debug|Any CPU
		{DE339BA7-41B1-4EDF-8659-2AD4CA764CF5}.Release|Any CPU.ActiveCfg = Release|Any CPU
		{DE339BA7-41B1-4EDF-8659-2AD4CA764CF5}.Release|Any CPU.Build.0 = Release|Any CPU
	EndGlobalSection
	GlobalSection(SolutionProperties) = preSolution
		HideSolutionNode = FALSE
	EndGlobalSection
EndGlobal
